// !$*UTF8*$!
{
	archiveVersion = 1;
	classes = {
	};
	objectVersion = 48;
	objects = {

/* Begin PBXBuildFile section */
		3336DE1A20410897000992EC /* AppDelegate.m in Sources */ = {isa = PBXBuildFile; fileRef = 3336DE1920410897000992EC /* AppDelegate.m */; };
		3336DE1D20410897000992EC /* ViewController.m in Sources */ = {isa = PBXBuildFile; fileRef = 3336DE1C20410897000992EC /* ViewController.m */; };
		3336DE2020410897000992EC /* Main.storyboard in Resources */ = {isa = PBXBuildFile; fileRef = 3336DE1E20410897000992EC /* Main.storyboard */; };
		3336DE2220410897000992EC /* Assets.xcassets in Resources */ = {isa = PBXBuildFile; fileRef = 3336DE2120410897000992EC /* Assets.xcassets */; };
		3336DE2520410897000992EC /* LaunchScreen.storyboard in Resources */ = {isa = PBXBuildFile; fileRef = 3336DE2320410897000992EC /* LaunchScreen.storyboard */; };
		3336DE2820410897000992EC /* main.m in Sources */ = {isa = PBXBuildFile; fileRef = 3336DE2720410897000992EC /* main.m */; };
/* End PBXBuildFile section */

/* Begin PBXFileReference section */
		3336DE1520410897000992EC /* xdasadasdsa.app */ = {isa = PBXFileReference; explicitFileType = wrapper.application; includeInIndex = 0; path = xdasadasdsa.app; sourceTree = BUILT_PRODUCTS_DIR; };
		3336DE1820410897000992EC /* AppDelegate.h */ = {isa = PBXFileReference; lastKnownFileType = sourcecode.c.h; path = AppDelegate.h; sourceTree = "<group>"; };
		3336DE1920410897000992EC /* AppDelegate.m */ = {isa = PBXFileReference; lastKnownFileType = sourcecode.c.objc; path = AppDelegate.m; sourceTree = "<group>"; };
		3336DE1B20410897000992EC /* ViewController.h */ = {isa = PBXFileReference; lastKnownFileType = sourcecode.c.h; path = ViewController.h; sourceTree = "<group>"; };
		3336DE1C20410897000992EC /* ViewController.m */ = {isa = PBXFileReference; lastKnownFileType = sourcecode.c.objc; path = ViewController.m; sourceTree = "<group>"; };
		3336DE1F20410897000992EC /* Base */ = {isa = PBXFileReference; lastKnownFileType = file.storyboard; name = Base; path = Base.lproj/Main.storyboard; sourceTree = "<group>"; };
		3336DE2120410897000992EC /* Assets.xcassets */ = {isa = PBXFileReference; lastKnownFileType = folder.assetcatalog; path = Assets.xcassets; sourceTree = "<group>"; };
		3336DE2420410897000992EC /* Base */ = {isa = PBXFileReference; lastKnownFileType = file.storyboard; name = Base; path = Base.lproj/LaunchScreen.storyboard; sourceTree = "<group>"; };
		3336DE2620410897000992EC /* Info.plist */ = {isa = PBXFileReference; lastKnownFileType = text.plist.xml; path = Info.plist; sourceTree = "<group>"; };
		3336DE2720410897000992EC /* main.m */ = {isa = PBXFileReference; lastKnownFileType = sourcecode.c.objc; path = main.m; sourceTree = "<group>"; };
/* End PBXFileReference section */

/* Begin PBXFrameworksBuildPhase section */
		3336DE1220410897000992EC /* Frameworks */ = {
			isa = PBXFrameworksBuildPhase;
			buildActionMask = 2147483647;
			files = (
			);
			runOnlyForDeploymentPostprocessing = 0;
		};
/* End PBXFrameworksBuildPhase section */

/* Begin PBXGroup section */
		3336DE0C20410897000992EC = {
			isa = PBXGroup;
			children = (
				3336DE1720410897000992EC /* xdasadasdsa */,
				3336DE1620410897000992EC /* Products */,
			);
			sourceTree = "<group>";
		};
		3336DE1620410897000992EC /* Products */ = {
			isa = PBXGroup;
			children = (
				3336DE1520410897000992EC /* xdasadasdsa.app */,
			);
			name = Products;
			sourceTree = "<group>";
		};
		3336DE1720410897000992EC /* xdasadasdsa */ = {
			isa = PBXGroup;
			children = (
				3336DE1820410897000992EC /* AppDelegate.h */,
				3336DE1920410897000992EC /* AppDelegate.m */,
				3336DE1B20410897000992EC /* ViewController.h */,
				3336DE1C20410897000992EC /* ViewController.m */,
				3336DE1E20410897000992EC /* Main.storyboard */,
				3336DE2120410897000992EC /* Assets.xcassets */,
				3336DE2320410897000992EC /* LaunchScreen.storyboard */,
				3336DE2620410897000992EC /* Info.plist */,
				3336DE2720410897000992EC /* main.m */,
			);
			path = xdasadasdsa;
			sourceTree = "<group>";
		};
/* End PBXGroup section */

/* Begin PBXNativeTarget section */
		3336DE1420410897000992EC /* xdasadasdsa */ = {
			isa = PBXNativeTarget;
			buildConfigurationList = 3336DE2B20410897000992EC /* Build configuration list for PBXNativeTarget "xdasadasdsa" */;
			buildPhases = (
				3336DE1120410897000992EC /* Sources */,
				3336DE1220410897000992EC /* Frameworks */,
				3336DE1320410897000992EC /* Resources */,
			);
			buildRules = (
			);
			dependencies = (
			);
			name = xdasadasdsa;
			productName = xdasadasdsa;
			productReference = 3336DE1520410897000992EC /* xdasadasdsa.app */;
			productType = "com.apple.product-type.application";
		};
/* End PBXNativeTarget section */

/* Begin PBXProject section */
		3336DE0D20410897000992EC /* Project object */ = {
			isa = PBXProject;
			attributes = {
				LastUpgradeCheck = 0920;
				ORGANIZATIONNAME = "陶亚利";
				TargetAttributes = {
					3336DE1420410897000992EC = {
						CreatedOnToolsVersion = 9.2;
						ProvisioningStyle = Automatic;
					};
				};
			};
			buildConfigurationList = 3336DE1020410897000992EC /* Build configuration list for PBXProject "xdasadasdsa" */;
			compatibilityVersion = "Xcode 8.0";
			developmentRegion = en;
			hasScannedForEncodings = 0;
			knownRegions = (
				en,
				Base,
			);
			mainGroup = 3336DE0C20410897000992EC;
			productRefGroup = 3336DE1620410897000992EC /* Products */;
			projectDirPath = "";
			projectRoot = "";
			targets = (
				3336DE1420410897000992EC /* xdasadasdsa */,
			);
		};
/* End PBXProject section */

/* Begin PBXResourcesBuildPhase section */
		3336DE1320410897000992EC /* Resources */ = {
			isa = PBXResourcesBuildPhase;
			buildActionMask = 2147483647;
			files = (
				3336DE2520410897000992EC /* LaunchScreen.storyboard in Resources */,
				3336DE2220410897000992EC /* Assets.xcassets in Resources */,
				3336DE2020410897000992EC /* Main.storyboard in Resources */,
			);
			runOnlyForDeploymentPostprocessing = 0;
		};
/* End PBXResourcesBuildPhase section */

/* Begin PBXSourcesBuildPhase section */
		3336DE1120410897000992EC /* Sources */ = {
			isa = PBXSourcesBuildPhase;
			buildActionMask = 2147483647;
			files = (
				3336DE1D20410897000992EC /* ViewController.m in Sources */,
				3336DE2820410897000992EC /* main.m in Sources */,
				3336DE1A20410897000992EC /* AppDelegate.m in Sources */,
			);
			runOnlyForDeploymentPostprocessing = 0;
		};
/* End PBXSourcesBuildPhase section */

/* Begin PBXVariantGroup section */
		3336DE1E20410897000992EC /* Main.storyboard */ = {
			isa = PBXVariantGroup;
			children = (
				3336DE1F20410897000992EC /* Base */,
			);
			name = Main.storyboard;
			sourceTree = "<group>";
		};
		3336DE2320410897000992EC /* LaunchScreen.storyboard */ = {
			isa = PBXVariantGroup;
			children = (
				3336DE2420410897000992EC /* Base */,
			);
			name = LaunchScreen.storyboard;
			sourceTree = "<group>";
		};
/* End PBXVariantGroup section */

/* Begin XCBuildConfiguration section */
		3336DE2920410897000992EC /* Debug */ = {
			isa = XCBuildConfiguration;
			buildSettings = {
				ALWAYS_SEARCH_USER_PATHS = NO;
				CLANG_ANALYZER_NONNULL = YES;
				CLANG_ANALYZER_NUMBER_OBJECT_CONVERSION = YES_AGGRESSIVE;
				CLANG_CXX_LANGUAGE_STANDARD = "gnu++14";
				CLANG_CXX_LIBRARY = "libc++";
				CLANG_ENABLE_MODULES = YES;
				CLANG_ENABLE_OBJC_ARC = YES;
				CLANG_WARN_BLOCK_CAPTURE_AUTORELEASING = YES;
				CLANG_WARN_BOOL_CONVERSION = YES;
				CLANG_WARN_COMMA = YES;
				CLANG_WARN_CONSTANT_CONVERSION = YES;
				CLANG_WARN_DIRECT_OBJC_ISA_USAGE = YES_ERROR;
				CLANG_WARN_DOCUMENTATION_COMMENTS = YES;
				CLANG_WARN_EMPTY_BODY = YES;
				CLANG_WARN_ENUM_CONVERSION = YES;
				CLANG_WARN_INFINITE_RECURSION = YES;
				CLANG_WARN_INT_CONVERSION = YES;
				CLANG_WARN_NON_LITERAL_NULL_CONVERSION = YES;
				CLANG_WARN_OBJC_LITERAL_CONVERSION = YES;
				CLANG_WARN_OBJC_ROOT_CLASS = YES_ERROR;
				CLANG_WARN_RANGE_LOOP_ANALYSIS = YES;
				CLANG_WARN_STRICT_PROTOTYPES = YES;
				CLANG_WARN_SUSPICIOUS_MOVE = YES;
				CLANG_WARN_UNGUARDED_AVAILABILITY = YES_AGGRESSIVE;
				CLANG_WARN_UNREACHABLE_CODE = YES;
				CLANG_WARN__DUPLICATE_METHOD_MATCH = YES;
				CODE_SIGN_IDENTITY = "iPhone Developer";
				COPY_PHASE_STRIP = NO;
				DEBUG_INFORMATION_FORMAT = dwarf;
				ENABLE_STRICT_OBJC_MSGSEND = YES;
				ENABLE_TESTABILITY = YES;
				GCC_C_LANGUAGE_STANDARD = gnu11;
				GCC_DYNAMIC_NO_PIC = NO;
				GCC_NO_COMMON_BLOCKS = YES;
				GCC_OPTIMIZATION_LEVEL = 0;
				GCC_PREPROCESSOR_DEFINITIONS = (
					"DEBUG=1",
					"$(inherited)",
				);
				GCC_WARN_64_TO_32_BIT_CONVERSION = YES;
				GCC_WARN_ABOUT_RETURN_TYPE = YES_ERROR;
				GCC_WARN_UNDECLARED_SELECTOR = YES;
				GCC_WARN_UNINITIALIZED_AUTOS = YES_AGGRESSIVE;
				GCC_WARN_UNUSED_FUNCTION = YES;
				GCC_WARN_UNUSED_VARIABLE = YES;
				IPHONEOS_DEPLOYMENT_TARGET = 11.2;
				MTL_ENABLE_DEBUG_INFO = YES;
				ONLY_ACTIVE_ARCH = YES;
				SDKROOT = iphoneos;
			};
			name = Debug;
		};
		3336DE2A20410897000992EC /* Release */ = {
			isa = XCBuildConfiguration;
			buildSettings = {
				ALWAYS_SEARCH_USER_PATHS = NO;
				CLANG_ANALYZER_NONNULL = YES;
				CLANG_ANALYZER_NUMBER_OBJECT_CONVERSION = YES_AGGRESSIVE;
				CLANG_CXX_LANGUAGE_STANDARD = "gnu++14";
				CLANG_CXX_LIBRARY = "libc++";
				CLANG_ENABLE_MODULES = YES;
				CLANG_ENABLE_OBJC_ARC = YES;
				CLANG_WARN_BLOCK_CAPTURE_AUTORELEASING = YES;
				CLANG_WARN_BOOL_CONVERSION = YES;
				CLANG_WARN_COMMA = YES;
				CLANG_WARN_CONSTANT_CONVERSION = YES;
				CLANG_WARN_DIRECT_OBJC_ISA_USAGE = YES_ERROR;
				CLANG_WARN_DOCUMENTATION_COMMENTS = YES;
				CLANG_WARN_EMPTY_BODY = YES;
				CLANG_WARN_ENUM_CONVERSION = YES;
				CLANG_WARN_INFINITE_RECURSION = YES;
				CLANG_WARN_INT_CONVERSION = YES;
				CLANG_WARN_NON_LITERAL_NULL_CONVERSION = YES;
				CLANG_WARN_OBJC_LITERAL_CONVERSION = YES;
				CLANG_WARN_OBJC_ROOT_CLASS = YES_ERROR;
				CLANG_WARN_RANGE_LOOP_ANALYSIS = YES;
				CLANG_WARN_STRICT_PROTOTYPES = YES;
				CLANG_WARN_SUSPICIOUS_MOVE = YES;
				CLANG_WARN_UNGUARDED_AVAILABILITY = YES_AGGRESSIVE;
				CLANG_WARN_UNREACHABLE_CODE = YES;
				CLANG_WARN__DUPLICATE_METHOD_MATCH = YES;
				CODE_SIGN_IDENTITY = "iPhone Developer";
				COPY_PHASE_STRIP = NO;
				DEBUG_INFORMATION_FORMAT = "dwarf-with-dsym";
				ENABLE_NS_ASSERTIONS = NO;
				ENABLE_STRICT_OBJC_MSGSEND = YES;
				GCC_C_LANGUAGE_STANDARD = gnu11;
				GCC_NO_COMMON_BLOCKS = YES;
				GCC_WARN_64_TO_32_BIT_CONVERSION = YES;
				GCC_WARN_ABOUT_RETURN_TYPE = YES_ERROR;
				GCC_WARN_UNDECLARED_SELECTOR = YES;
				GCC_WARN_UNINITIALIZED_AUTOS = YES_AGGRESSIVE;
				GCC_WARN_UNUSED_FUNCTION = YES;
				GCC_WARN_UNUSED_VARIABLE = YES;
				IPHONEOS_DEPLOYMENT_TARGET = 11.2;
				MTL_ENABLE_DEBUG_INFO = NO;
				SDKROOT = iphoneos;
				VALIDATE_PRODUCT = YES;
			};
			name = Release;
		};
		3336DE2C20410897000992EC /* Debug */ = {
			isa = XCBuildConfiguration;
			buildSettings = {
				ASSETCATALOG_COMPILER_APPICON_NAME = AppIcon;
				CODE_SIGN_STYLE = Automatic;
				INFOPLIST_FILE = xdasadasdsa/Info.plist;
				LD_RUNPATH_SEARCH_PATHS = "$(inherited) @executable_path/Frameworks";
				PRODUCT_BUNDLE_IDENTIFIER = com.hamword.xdasadasdsa;
				PRODUCT_NAME = "$(TARGET_NAME)";
				TARGETED_DEVICE_FAMILY = "1,2";
			};
			name = Debug;
		};
		3336DE2D20410897000992EC /* Release */ = {
			isa = XCBuildConfiguration;
			buildSettings = {
				ASSETCATALOG_COMPILER_APPICON_NAME = AppIcon;
				CODE_SIGN_STYLE = Automatic;
				INFOPLIST_FILE = xdasadasdsa/Info.plist;
				LD_RUNPATH_SEARCH_PATHS = "$(inherited) @executable_path/Frameworks";
				PRODUCT_BUNDLE_IDENTIFIER = com.hamword.xdasadasdsa;
				PRODUCT_NAME = "$(TARGET_NAME)";
				TARGETED_DEVICE_FAMILY = "1,2";
			};
			name = Release;
		};
/* End XCBuildConfiguration section */

/* Begin XCConfigurationList section */
		3336DE1020410897000992EC /* Build configuration list for PBXProject "xdasadasdsa" */ = {
			isa = XCConfigurationList;
			buildConfigurations = (
				3336DE2920410897000992EC /* Debug */,
				3336DE2A20410897000992EC /* Release */,
			);
			defaultConfigurationIsVisible = 0;
			defaultConfigurationName = Release;
		};
		3336DE2B20410897000992EC /* Build configuration list for PBXNativeTarget "xdasadasdsa" */ = {
			isa = XCConfigurationList;
			buildConfigurations = (
				3336DE2C20410897000992EC /* Debug */,
				3336DE2D20410897000992EC /* Release */,
			);
			defaultConfigurationIsVisible = 0;
			defaultConfigurationName = Release;
		};
/* End XCConfigurationList section */
	};
	rootObject = 3336DE0D20410897000992EC /* Project object */;
}
